// !$*UTF8*$!
{
	archiveVersion = 1;
	classes = {
	};
	objectVersion = 51;
	objects = {

/* Begin PBXBuildFile section */
		CE4A6A6B257D2A32007A2C65 /* AppDelegate.swift in Sources */ = {isa = PBXBuildFile; fileRef = CE4A6A6A257D2A32007A2C65 /* AppDelegate.swift */; };
		CE4A6A6F257D2A32007A2C65 /* ViewController.swift in Sources */ = {isa = PBXBuildFile; fileRef = CE4A6A6E257D2A32007A2C65 /* ViewController.swift */; };
		CE4A6A72257D2A32007A2C65 /* Main.storyboard in Resources */ = {isa = PBXBuildFile; fileRef = CE4A6A70257D2A32007A2C65 /* Main.storyboard */; };
		CE4A6A74257D2A34007A2C65 /* Assets.xcassets in Resources */ = {isa = PBXBuildFile; fileRef = CE4A6A73257D2A34007A2C65 /* Assets.xcassets */; };
		CE4A6A77257D2A34007A2C65 /* LaunchScreen.storyboard in Resources */ = {isa = PBXBuildFile; fileRef = CE4A6A75257D2A34007A2C65 /* LaunchScreen.storyboard */; };
		CE4A6AB6257D32C4007A2C65 /* Device+Ext.swift in Sources */ = {isa = PBXBuildFile; fileRef = CE4A6AB5257D32C4007A2C65 /* Device+Ext.swift */; };
		CE4A6ABB257D32D9007A2C65 /* FileController.swift in Sources */ = {isa = PBXBuildFile; fileRef = CE4A6ABA257D32D9007A2C65 /* FileController.swift */; };
		CE4A6AC0257D3392007A2C65 /* Authorization.swift in Sources */ = {isa = PBXBuildFile; fileRef = CE4A6ABF257D3392007A2C65 /* Authorization.swift */; };
		CE4A6ACC257D34D6007A2C65 /* secretKey in Resources */ = {isa = PBXBuildFile; fileRef = CE4A6ACA257D34D6007A2C65 /* secretKey */; };
		CE4A6ACD257D34D6007A2C65 /* accessKey in Resources */ = {isa = PBXBuildFile; fileRef = CE4A6ACB257D34D6007A2C65 /* accessKey */; };
		CE4A6AD1257D3912007A2C65 /* Print.swift in Sources */ = {isa = PBXBuildFile; fileRef = CE4A6AD0257D3912007A2C65 /* Print.swift */; };
		CE4A6AD6257D3C49007A2C65 /* ServiceContainer.swift in Sources */ = {isa = PBXBuildFile; fileRef = CE4A6AD5257D3C49007A2C65 /* ServiceContainer.swift */; };
		CE4A6AD9257D3C90007A2C65 /* ServicePool.swift in Sources */ = {isa = PBXBuildFile; fileRef = CE4A6AD8257D3C90007A2C65 /* ServicePool.swift */; };
		CE4A6AFB257D3EAE007A2C65 /* AccountsService.swift in Sources */ = {isa = PBXBuildFile; fileRef = CE4A6AFA257D3EAE007A2C65 /* AccountsService.swift */; };
		CE4A6AFF257D3F0C007A2C65 /* RestClient.swift in Sources */ = {isa = PBXBuildFile; fileRef = CE4A6AFE257D3F0C007A2C65 /* RestClient.swift */; };
		CE4A6B11257D3FD6007A2C65 /* AccountModel.swift in Sources */ = {isa = PBXBuildFile; fileRef = CE4A6B10257D3FD6007A2C65 /* AccountModel.swift */; };
		CE4A6B16257D401B007A2C65 /* GetMyAccountsResponse.swift in Sources */ = {isa = PBXBuildFile; fileRef = CE4A6B15257D401B007A2C65 /* GetMyAccountsResponse.swift */; };
		CE4A6B19257D40BC007A2C65 /* RestAPIClientBuilder.swift in Sources */ = {isa = PBXBuildFile; fileRef = CE4A6B18257D40BC007A2C65 /* RestAPIClientBuilder.swift */; };
		CE4A6B1C257D40F7007A2C65 /* Dictionary+Ext.swift in Sources */ = {isa = PBXBuildFile; fileRef = CE4A6B1B257D40F7007A2C65 /* Dictionary+Ext.swift */; };
		F28F860B937F7E71602EEE6F /* Pods_JadongMaeMae.framework in Frameworks */ = {isa = PBXBuildFile; fileRef = A4B312E03543165026DAE562 /* Pods_JadongMaeMae.framework */; };
/* End PBXBuildFile section */

/* Begin PBXFileReference section */
		40DA192589D7EFF202ADE4E3 /* Pods-JadongMaeMae.release.xcconfig */ = {isa = PBXFileReference; includeInIndex = 1; lastKnownFileType = text.xcconfig; name = "Pods-JadongMaeMae.release.xcconfig"; path = "Target Support Files/Pods-JadongMaeMae/Pods-JadongMaeMae.release.xcconfig"; sourceTree = "<group>"; };
		A4B312E03543165026DAE562 /* Pods_JadongMaeMae.framework */ = {isa = PBXFileReference; explicitFileType = wrapper.framework; includeInIndex = 0; path = Pods_JadongMaeMae.framework; sourceTree = BUILT_PRODUCTS_DIR; };
		B50E94A1455BA046D84B36CA /* Pods-JadongMaeMae.debug.xcconfig */ = {isa = PBXFileReference; includeInIndex = 1; lastKnownFileType = text.xcconfig; name = "Pods-JadongMaeMae.debug.xcconfig"; path = "Target Support Files/Pods-JadongMaeMae/Pods-JadongMaeMae.debug.xcconfig"; sourceTree = "<group>"; };
		CE4A6A67257D2A32007A2C65 /* JadongMaeMae.app */ = {isa = PBXFileReference; explicitFileType = wrapper.application; includeInIndex = 0; path = JadongMaeMae.app; sourceTree = BUILT_PRODUCTS_DIR; };
		CE4A6A6A257D2A32007A2C65 /* AppDelegate.swift */ = {isa = PBXFileReference; lastKnownFileType = sourcecode.swift; path = AppDelegate.swift; sourceTree = "<group>"; };
		CE4A6A6E257D2A32007A2C65 /* ViewController.swift */ = {isa = PBXFileReference; lastKnownFileType = sourcecode.swift; path = ViewController.swift; sourceTree = "<group>"; };
		CE4A6A71257D2A32007A2C65 /* Base */ = {isa = PBXFileReference; lastKnownFileType = file.storyboard; name = Base; path = Base.lproj/Main.storyboard; sourceTree = "<group>"; };
		CE4A6A73257D2A34007A2C65 /* Assets.xcassets */ = {isa = PBXFileReference; lastKnownFileType = folder.assetcatalog; path = Assets.xcassets; sourceTree = "<group>"; };
		CE4A6A76257D2A34007A2C65 /* Base */ = {isa = PBXFileReference; lastKnownFileType = file.storyboard; name = Base; path = Base.lproj/LaunchScreen.storyboard; sourceTree = "<group>"; };
		CE4A6A78257D2A34007A2C65 /* Info.plist */ = {isa = PBXFileReference; lastKnownFileType = text.plist.xml; path = Info.plist; sourceTree = "<group>"; };
		CE4A6AB5257D32C4007A2C65 /* Device+Ext.swift */ = {isa = PBXFileReference; lastKnownFileType = sourcecode.swift; path = "Device+Ext.swift"; sourceTree = "<group>"; };
		CE4A6ABA257D32D9007A2C65 /* FileController.swift */ = {isa = PBXFileReference; lastKnownFileType = sourcecode.swift; path = FileController.swift; sourceTree = "<group>"; };
		CE4A6ABF257D3392007A2C65 /* Authorization.swift */ = {isa = PBXFileReference; lastKnownFileType = sourcecode.swift; path = Authorization.swift; sourceTree = "<group>"; };
		CE4A6ACA257D34D6007A2C65 /* secretKey */ = {isa = PBXFileReference; fileEncoding = 4; lastKnownFileType = text; path = secretKey; sourceTree = SOURCE_ROOT; };
		CE4A6ACB257D34D6007A2C65 /* accessKey */ = {isa = PBXFileReference; fileEncoding = 4; lastKnownFileType = text; path = accessKey; sourceTree = SOURCE_ROOT; };
		CE4A6AD0257D3912007A2C65 /* Print.swift */ = {isa = PBXFileReference; lastKnownFileType = sourcecode.swift; path = Print.swift; sourceTree = "<group>"; };
		CE4A6AD5257D3C49007A2C65 /* ServiceContainer.swift */ = {isa = PBXFileReference; lastKnownFileType = sourcecode.swift; path = ServiceContainer.swift; sourceTree = "<group>"; };
		CE4A6AD8257D3C90007A2C65 /* ServicePool.swift */ = {isa = PBXFileReference; lastKnownFileType = sourcecode.swift; path = ServicePool.swift; sourceTree = "<group>"; };
		CE4A6AFA257D3EAE007A2C65 /* AccountsService.swift */ = {isa = PBXFileReference; lastKnownFileType = sourcecode.swift; path = AccountsService.swift; sourceTree = "<group>"; };
		CE4A6AFE257D3F0C007A2C65 /* RestClient.swift */ = {isa = PBXFileReference; lastKnownFileType = sourcecode.swift; path = RestClient.swift; sourceTree = "<group>"; };
		CE4A6B10257D3FD6007A2C65 /* AccountModel.swift */ = {isa = PBXFileReference; lastKnownFileType = sourcecode.swift; path = AccountModel.swift; sourceTree = "<group>"; };
		CE4A6B15257D401B007A2C65 /* GetMyAccountsResponse.swift */ = {isa = PBXFileReference; lastKnownFileType = sourcecode.swift; path = GetMyAccountsResponse.swift; sourceTree = "<group>"; };
		CE4A6B18257D40BC007A2C65 /* RestAPIClientBuilder.swift */ = {isa = PBXFileReference; lastKnownFileType = sourcecode.swift; path = RestAPIClientBuilder.swift; sourceTree = "<group>"; };
		CE4A6B1B257D40F7007A2C65 /* Dictionary+Ext.swift */ = {isa = PBXFileReference; lastKnownFileType = sourcecode.swift; path = "Dictionary+Ext.swift"; sourceTree = "<group>"; };
/* End PBXFileReference section */

/* Begin PBXFrameworksBuildPhase section */
		CE4A6A64257D2A32007A2C65 /* Frameworks */ = {
			isa = PBXFrameworksBuildPhase;
			buildActionMask = 2147483647;
			files = (
				F28F860B937F7E71602EEE6F /* Pods_JadongMaeMae.framework in Frameworks */,
			);
			runOnlyForDeploymentPostprocessing = 0;
		};
/* End PBXFrameworksBuildPhase section */

/* Begin PBXGroup section */
		26F37C152AEE7639199C9D10 /* Pods */ = {
			isa = PBXGroup;
			children = (
				B50E94A1455BA046D84B36CA /* Pods-JadongMaeMae.debug.xcconfig */,
				40DA192589D7EFF202ADE4E3 /* Pods-JadongMaeMae.release.xcconfig */,
			);
			path = Pods;
			sourceTree = "<group>";
		};
		BE4238407156F3F63E987F87 /* Frameworks */ = {
			isa = PBXGroup;
			children = (
				A4B312E03543165026DAE562 /* Pods_JadongMaeMae.framework */,
			);
			name = Frameworks;
			sourceTree = "<group>";
		};
		CE4A6A5E257D2A32007A2C65 = {
			isa = PBXGroup;
			children = (
				CE4A6A69257D2A32007A2C65 /* JadongMaeMae */,
				CE4A6A68257D2A32007A2C65 /* Products */,
				26F37C152AEE7639199C9D10 /* Pods */,
				BE4238407156F3F63E987F87 /* Frameworks */,
			);
			sourceTree = "<group>";
		};
		CE4A6A68257D2A32007A2C65 /* Products */ = {
			isa = PBXGroup;
			children = (
				CE4A6A67257D2A32007A2C65 /* JadongMaeMae.app */,
			);
			name = Products;
			sourceTree = "<group>";
		};
		CE4A6A69257D2A32007A2C65 /* JadongMaeMae */ = {
			isa = PBXGroup;
			children = (
				CE4A6A78257D2A34007A2C65 /* Info.plist */,
				CE4A6A6A257D2A32007A2C65 /* AppDelegate.swift */,
				CE4A6B20257D422A007A2C65 /* Resources */,
				CE4A6AD3257D3C2B007A2C65 /* Service */,
				CE4A6AC2257D33D4007A2C65 /* Authorization */,
				CE4A6AB9257D32C9007A2C65 /* Controllers */,
				CE4A6AB1257D328D007A2C65 /* Utils */,
				CE4A6B1E257D4206007A2C65 /* View */,
			);
			path = JadongMaeMae;
			sourceTree = "<group>";
		};
		CE4A6AB1257D328D007A2C65 /* Utils */ = {
			isa = PBXGroup;
			children = (
				CE4A6AB5257D32C4007A2C65 /* Device+Ext.swift */,
				CE4A6B1B257D40F7007A2C65 /* Dictionary+Ext.swift */,
				CE4A6AD0257D3912007A2C65 /* Print.swift */,
			);
			path = Utils;
			sourceTree = "<group>";
		};
		CE4A6AB9257D32C9007A2C65 /* Controllers */ = {
			isa = PBXGroup;
			children = (
				CE4A6ABA257D32D9007A2C65 /* FileController.swift */,
			);
			path = Controllers;
			sourceTree = "<group>";
		};
		CE4A6AC2257D33D4007A2C65 /* Authorization */ = {
			isa = PBXGroup;
			children = (
				CE4A6ABF257D3392007A2C65 /* Authorization.swift */,
				CE4A6ACB257D34D6007A2C65 /* accessKey */,
				CE4A6ACA257D34D6007A2C65 /* secretKey */,
			);
			path = Authorization;
			sourceTree = "<group>";
		};
		CE4A6AD3257D3C2B007A2C65 /* Service */ = {
			isa = PBXGroup;
			children = (
				CE4A6AD4257D3C39007A2C65 /* Service Container */,
				CE4A6AFD257D3F02007A2C65 /* Client */,
				CE4A6AF9257D3E9D007A2C65 /* REST Services */,
				CE4A6B14257D4008007A2C65 /* Response Models */,
				CE4A6B0F257D3FC7007A2C65 /* Models */,
			);
			path = Service;
			sourceTree = "<group>";
		};
		CE4A6AD4257D3C39007A2C65 /* Service Container */ = {
			isa = PBXGroup;
			children = (
				CE4A6AD5257D3C49007A2C65 /* ServiceContainer.swift */,
				CE4A6AD8257D3C90007A2C65 /* ServicePool.swift */,
			);
			path = "Service Container";
			sourceTree = "<group>";
		};
		CE4A6AF9257D3E9D007A2C65 /* REST Services */ = {
			isa = PBXGroup;
			children = (
				CE4A6AFA257D3EAE007A2C65 /* AccountsService.swift */,
			);
			path = "REST Services";
			sourceTree = "<group>";
		};
		CE4A6AFD257D3F02007A2C65 /* Client */ = {
			isa = PBXGroup;
			children = (
				CE4A6AFE257D3F0C007A2C65 /* RestClient.swift */,
				CE4A6B18257D40BC007A2C65 /* RestAPIClientBuilder.swift */,
			);
			path = Client;
			sourceTree = "<group>";
		};
		CE4A6B0F257D3FC7007A2C65 /* Models */ = {
			isa = PBXGroup;
			children = (
				CE4A6B10257D3FD6007A2C65 /* AccountModel.swift */,
			);
			path = Models;
			sourceTree = "<group>";
		};
		CE4A6B14257D4008007A2C65 /* Response Models */ = {
			isa = PBXGroup;
			children = (
				CE4A6B15257D401B007A2C65 /* GetMyAccountsResponse.swift */,
			);
			path = "Response Models";
			sourceTree = "<group>";
		};
		CE4A6B1E257D4206007A2C65 /* View */ = {
			isa = PBXGroup;
			children = (
				CE4A6B1F257D420E007A2C65 /* Main */,
			);
			path = View;
			sourceTree = "<group>";
		};
		CE4A6B1F257D420E007A2C65 /* Main */ = {
			isa = PBXGroup;
			children = (
				CE4A6A70257D2A32007A2C65 /* Main.storyboard */,
				CE4A6A6E257D2A32007A2C65 /* ViewController.swift */,
			);
			path = Main;
			sourceTree = "<group>";
		};
		CE4A6B20257D422A007A2C65 /* Resources */ = {
			isa = PBXGroup;
			children = (
				CE4A6A73257D2A34007A2C65 /* Assets.xcassets */,
				CE4A6A75257D2A34007A2C65 /* LaunchScreen.storyboard */,
			);
			path = Resources;
			sourceTree = "<group>";
		};
/* End PBXGroup section */

/* Begin PBXNativeTarget section */
		CE4A6A66257D2A32007A2C65 /* JadongMaeMae */ = {
			isa = PBXNativeTarget;
			buildConfigurationList = CE4A6A7B257D2A34007A2C65 /* Build configuration list for PBXNativeTarget "JadongMaeMae" */;
			buildPhases = (
				2200A877F234B05237FDF2A6 /* [CP] Check Pods Manifest.lock */,
				CE4A6A63257D2A32007A2C65 /* Sources */,
				CE4A6A64257D2A32007A2C65 /* Frameworks */,
				CE4A6A65257D2A32007A2C65 /* Resources */,
				4D3C252C2ED43F11F61B1CE9 /* [CP] Embed Pods Frameworks */,
			);
			buildRules = (
			);
			dependencies = (
			);
			name = JadongMaeMae;
			productName = JadongMaeMae;
			productReference = CE4A6A67257D2A32007A2C65 /* JadongMaeMae.app */;
			productType = "com.apple.product-type.application";
		};
/* End PBXNativeTarget section */

/* Begin PBXProject section */
		CE4A6A5F257D2A32007A2C65 /* Project object */ = {
			isa = PBXProject;
			attributes = {
				LastSwiftUpdateCheck = 1220;
				LastUpgradeCheck = 1220;
				TargetAttributes = {
					CE4A6A66257D2A32007A2C65 = {
						CreatedOnToolsVersion = 12.2;
					};
				};
			};
			buildConfigurationList = CE4A6A62257D2A32007A2C65 /* Build configuration list for PBXProject "JadongMaeMae" */;
			compatibilityVersion = "Xcode 9.3";
			developmentRegion = en;
			hasScannedForEncodings = 0;
			knownRegions = (
				en,
				Base,
			);
			mainGroup = CE4A6A5E257D2A32007A2C65;
			productRefGroup = CE4A6A68257D2A32007A2C65 /* Products */;
			projectDirPath = "";
			projectRoot = "";
			targets = (
				CE4A6A66257D2A32007A2C65 /* JadongMaeMae */,
			);
		};
/* End PBXProject section */

/* Begin PBXResourcesBuildPhase section */
		CE4A6A65257D2A32007A2C65 /* Resources */ = {
			isa = PBXResourcesBuildPhase;
			buildActionMask = 2147483647;
			files = (
				CE4A6ACC257D34D6007A2C65 /* secretKey in Resources */,
				CE4A6A77257D2A34007A2C65 /* LaunchScreen.storyboard in Resources */,
				CE4A6A74257D2A34007A2C65 /* Assets.xcassets in Resources */,
				CE4A6A72257D2A32007A2C65 /* Main.storyboard in Resources */,
				CE4A6ACD257D34D6007A2C65 /* accessKey in Resources */,
			);
			runOnlyForDeploymentPostprocessing = 0;
		};
/* End PBXResourcesBuildPhase section */

/* Begin PBXShellScriptBuildPhase section */
		2200A877F234B05237FDF2A6 /* [CP] Check Pods Manifest.lock */ = {
			isa = PBXShellScriptBuildPhase;
			buildActionMask = 2147483647;
			files = (
			);
			inputFileListPaths = (
			);
			inputPaths = (
				"${PODS_PODFILE_DIR_PATH}/Podfile.lock",
				"${PODS_ROOT}/Manifest.lock",
			);
			name = "[CP] Check Pods Manifest.lock";
			outputFileListPaths = (
			);
			outputPaths = (
				"$(DERIVED_FILE_DIR)/Pods-JadongMaeMae-checkManifestLockResult.txt",
			);
			runOnlyForDeploymentPostprocessing = 0;
			shellPath = /bin/sh;
			shellScript = "diff \"${PODS_PODFILE_DIR_PATH}/Podfile.lock\" \"${PODS_ROOT}/Manifest.lock\" > /dev/null\nif [ $? != 0 ] ; then\n    # print error to STDERR\n    echo \"error: The sandbox is not in sync with the Podfile.lock. Run 'pod install' or update your CocoaPods installation.\" >&2\n    exit 1\nfi\n# This output is used by Xcode 'outputs' to avoid re-running this script phase.\necho \"SUCCESS\" > \"${SCRIPT_OUTPUT_FILE_0}\"\n";
			showEnvVarsInLog = 0;
		};
		4D3C252C2ED43F11F61B1CE9 /* [CP] Embed Pods Frameworks */ = {
			isa = PBXShellScriptBuildPhase;
			buildActionMask = 2147483647;
			files = (
			);
			inputFileListPaths = (
				"${PODS_ROOT}/Target Support Files/Pods-JadongMaeMae/Pods-JadongMaeMae-frameworks-${CONFIGURATION}-input-files.xcfilelist",
			);
			name = "[CP] Embed Pods Frameworks";
			outputFileListPaths = (
				"${PODS_ROOT}/Target Support Files/Pods-JadongMaeMae/Pods-JadongMaeMae-frameworks-${CONFIGURATION}-output-files.xcfilelist",
			);
			runOnlyForDeploymentPostprocessing = 0;
			shellPath = /bin/sh;
			shellScript = "\"${PODS_ROOT}/Target Support Files/Pods-JadongMaeMae/Pods-JadongMaeMae-frameworks.sh\"\n";
			showEnvVarsInLog = 0;
		};
/* End PBXShellScriptBuildPhase section */

/* Begin PBXSourcesBuildPhase section */
		CE4A6A63257D2A32007A2C65 /* Sources */ = {
			isa = PBXSourcesBuildPhase;
			buildActionMask = 2147483647;
			files = (
				CE4A6A6F257D2A32007A2C65 /* ViewController.swift in Sources */,
				CE4A6AD1257D3912007A2C65 /* Print.swift in Sources */,
				CE4A6AFB257D3EAE007A2C65 /* AccountsService.swift in Sources */,
				CE4A6B1C257D40F7007A2C65 /* Dictionary+Ext.swift in Sources */,
				CE4A6AD6257D3C49007A2C65 /* ServiceContainer.swift in Sources */,
				CE4A6AB6257D32C4007A2C65 /* Device+Ext.swift in Sources */,
				CE4A6A6B257D2A32007A2C65 /* AppDelegate.swift in Sources */,
				CE4A6ABB257D32D9007A2C65 /* FileController.swift in Sources */,
				CE4A6AC0257D3392007A2C65 /* Authorization.swift in Sources */,
				CE4A6B11257D3FD6007A2C65 /* AccountModel.swift in Sources */,
				CE4A6AFF257D3F0C007A2C65 /* RestClient.swift in Sources */,
				CE4A6AD9257D3C90007A2C65 /* ServicePool.swift in Sources */,
				CE4A6B16257D401B007A2C65 /* GetMyAccountsResponse.swift in Sources */,
				CE4A6B19257D40BC007A2C65 /* RestAPIClientBuilder.swift in Sources */,
			);
			runOnlyForDeploymentPostprocessing = 0;
		};
/* End PBXSourcesBuildPhase section */

/* Begin PBXVariantGroup section */
		CE4A6A70257D2A32007A2C65 /* Main.storyboard */ = {
			isa = PBXVariantGroup;
			children = (
				CE4A6A71257D2A32007A2C65 /* Base */,
			);
			name = Main.storyboard;
			sourceTree = "<group>";
		};
		CE4A6A75257D2A34007A2C65 /* LaunchScreen.storyboard */ = {
			isa = PBXVariantGroup;
			children = (
				CE4A6A76257D2A34007A2C65 /* Base */,
			);
			name = LaunchScreen.storyboard;
			sourceTree = "<group>";
		};
/* End PBXVariantGroup section */

/* Begin XCBuildConfiguration section */
		CE4A6A79257D2A34007A2C65 /* Debug */ = {
			isa = XCBuildConfiguration;
			buildSettings = {
				ALWAYS_SEARCH_USER_PATHS = NO;
				CLANG_ANALYZER_NONNULL = YES;
				CLANG_ANALYZER_NUMBER_OBJECT_CONVERSION = YES_AGGRESSIVE;
				CLANG_CXX_LANGUAGE_STANDARD = "gnu++14";
				CLANG_CXX_LIBRARY = "libc++";
				CLANG_ENABLE_MODULES = YES;
				CLANG_ENABLE_OBJC_ARC = YES;
				CLANG_ENABLE_OBJC_WEAK = YES;
				CLANG_WARN_BLOCK_CAPTURE_AUTORELEASING = YES;
				CLANG_WARN_BOOL_CONVERSION = YES;
				CLANG_WARN_COMMA = YES;
				CLANG_WARN_CONSTANT_CONVERSION = YES;
				CLANG_WARN_DEPRECATED_OBJC_IMPLEMENTATIONS = YES;
				CLANG_WARN_DIRECT_OBJC_ISA_USAGE = YES_ERROR;
				CLANG_WARN_DOCUMENTATION_COMMENTS = YES;
				CLANG_WARN_EMPTY_BODY = YES;
				CLANG_WARN_ENUM_CONVERSION = YES;
				CLANG_WARN_INFINITE_RECURSION = YES;
				CLANG_WARN_INT_CONVERSION = YES;
				CLANG_WARN_NON_LITERAL_NULL_CONVERSION = YES;
				CLANG_WARN_OBJC_IMPLICIT_RETAIN_SELF = YES;
				CLANG_WARN_OBJC_LITERAL_CONVERSION = YES;
				CLANG_WARN_OBJC_ROOT_CLASS = YES_ERROR;
				CLANG_WARN_QUOTED_INCLUDE_IN_FRAMEWORK_HEADER = YES;
				CLANG_WARN_RANGE_LOOP_ANALYSIS = YES;
				CLANG_WARN_STRICT_PROTOTYPES = YES;
				CLANG_WARN_SUSPICIOUS_MOVE = YES;
				CLANG_WARN_UNGUARDED_AVAILABILITY = YES_AGGRESSIVE;
				CLANG_WARN_UNREACHABLE_CODE = YES;
				CLANG_WARN__DUPLICATE_METHOD_MATCH = YES;
				COPY_PHASE_STRIP = NO;
				DEBUG_INFORMATION_FORMAT = dwarf;
				ENABLE_STRICT_OBJC_MSGSEND = YES;
				ENABLE_TESTABILITY = YES;
				GCC_C_LANGUAGE_STANDARD = gnu11;
				GCC_DYNAMIC_NO_PIC = NO;
				GCC_NO_COMMON_BLOCKS = YES;
				GCC_OPTIMIZATION_LEVEL = 0;
				GCC_PREPROCESSOR_DEFINITIONS = (
					"DEBUG=1",
					"$(inherited)",
				);
				GCC_WARN_64_TO_32_BIT_CONVERSION = YES;
				GCC_WARN_ABOUT_RETURN_TYPE = YES_ERROR;
				GCC_WARN_UNDECLARED_SELECTOR = YES;
				GCC_WARN_UNINITIALIZED_AUTOS = YES_AGGRESSIVE;
				GCC_WARN_UNUSED_FUNCTION = YES;
				GCC_WARN_UNUSED_VARIABLE = YES;
				IPHONEOS_DEPLOYMENT_TARGET = 14.2;
				MTL_ENABLE_DEBUG_INFO = INCLUDE_SOURCE;
				MTL_FAST_MATH = YES;
				ONLY_ACTIVE_ARCH = YES;
				SDKROOT = iphoneos;
				SWIFT_ACTIVE_COMPILATION_CONDITIONS = DEBUG;
				SWIFT_OPTIMIZATION_LEVEL = "-Onone";
			};
			name = Debug;
		};
		CE4A6A7A257D2A34007A2C65 /* Release */ = {
			isa = XCBuildConfiguration;
			buildSettings = {
				ALWAYS_SEARCH_USER_PATHS = NO;
				CLANG_ANALYZER_NONNULL = YES;
				CLANG_ANALYZER_NUMBER_OBJECT_CONVERSION = YES_AGGRESSIVE;
				CLANG_CXX_LANGUAGE_STANDARD = "gnu++14";
				CLANG_CXX_LIBRARY = "libc++";
				CLANG_ENABLE_MODULES = YES;
				CLANG_ENABLE_OBJC_ARC = YES;
				CLANG_ENABLE_OBJC_WEAK = YES;
				CLANG_WARN_BLOCK_CAPTURE_AUTORELEASING = YES;
				CLANG_WARN_BOOL_CONVERSION = YES;
				CLANG_WARN_COMMA = YES;
				CLANG_WARN_CONSTANT_CONVERSION = YES;
				CLANG_WARN_DEPRECATED_OBJC_IMPLEMENTATIONS = YES;
				CLANG_WARN_DIRECT_OBJC_ISA_USAGE = YES_ERROR;
				CLANG_WARN_DOCUMENTATION_COMMENTS = YES;
				CLANG_WARN_EMPTY_BODY = YES;
				CLANG_WARN_ENUM_CONVERSION = YES;
				CLANG_WARN_INFINITE_RECURSION = YES;
				CLANG_WARN_INT_CONVERSION = YES;
				CLANG_WARN_NON_LITERAL_NULL_CONVERSION = YES;
				CLANG_WARN_OBJC_IMPLICIT_RETAIN_SELF = YES;
				CLANG_WARN_OBJC_LITERAL_CONVERSION = YES;
				CLANG_WARN_OBJC_ROOT_CLASS = YES_ERROR;
				CLANG_WARN_QUOTED_INCLUDE_IN_FRAMEWORK_HEADER = YES;
				CLANG_WARN_RANGE_LOOP_ANALYSIS = YES;
				CLANG_WARN_STRICT_PROTOTYPES = YES;
				CLANG_WARN_SUSPICIOUS_MOVE = YES;
				CLANG_WARN_UNGUARDED_AVAILABILITY = YES_AGGRESSIVE;
				CLANG_WARN_UNREACHABLE_CODE = YES;
				CLANG_WARN__DUPLICATE_METHOD_MATCH = YES;
				COPY_PHASE_STRIP = NO;
				DEBUG_INFORMATION_FORMAT = "dwarf-with-dsym";
				ENABLE_NS_ASSERTIONS = NO;
				ENABLE_STRICT_OBJC_MSGSEND = YES;
				GCC_C_LANGUAGE_STANDARD = gnu11;
				GCC_NO_COMMON_BLOCKS = YES;
				GCC_WARN_64_TO_32_BIT_CONVERSION = YES;
				GCC_WARN_ABOUT_RETURN_TYPE = YES_ERROR;
				GCC_WARN_UNDECLARED_SELECTOR = YES;
				GCC_WARN_UNINITIALIZED_AUTOS = YES_AGGRESSIVE;
				GCC_WARN_UNUSED_FUNCTION = YES;
				GCC_WARN_UNUSED_VARIABLE = YES;
				IPHONEOS_DEPLOYMENT_TARGET = 14.2;
				MTL_ENABLE_DEBUG_INFO = NO;
				MTL_FAST_MATH = YES;
				SDKROOT = iphoneos;
				SWIFT_COMPILATION_MODE = wholemodule;
				SWIFT_OPTIMIZATION_LEVEL = "-O";
				VALIDATE_PRODUCT = YES;
			};
			name = Release;
		};
		CE4A6A7C257D2A34007A2C65 /* Debug */ = {
			isa = XCBuildConfiguration;
			baseConfigurationReference = B50E94A1455BA046D84B36CA /* Pods-JadongMaeMae.debug.xcconfig */;
			buildSettings = {
				ASSETCATALOG_COMPILER_APPICON_NAME = AppIcon;
				ASSETCATALOG_COMPILER_GLOBAL_ACCENT_COLOR_NAME = AccentColor;
				CODE_SIGN_STYLE = Automatic;
				DEVELOPMENT_TEAM = Z7BMLJLG67;
				INFOPLIST_FILE = JadongMaeMae/Info.plist;
				LD_RUNPATH_SEARCH_PATHS = (
					"$(inherited)",
					"@executable_path/Frameworks",
				);
				PRODUCT_BUNDLE_IDENTIFIER = hansjin.JadongMaeMae;
				PRODUCT_NAME = "$(TARGET_NAME)";
				SWIFT_VERSION = 5.0;
				TARGETED_DEVICE_FAMILY = "1,2";
			};
			name = Debug;
		};
		CE4A6A7D257D2A34007A2C65 /* Release */ = {
			isa = XCBuildConfiguration;
			baseConfigurationReference = 40DA192589D7EFF202ADE4E3 /* Pods-JadongMaeMae.release.xcconfig */;
			buildSettings = {
				ASSETCATALOG_COMPILER_APPICON_NAME = AppIcon;
				ASSETCATALOG_COMPILER_GLOBAL_ACCENT_COLOR_NAME = AccentColor;
				CODE_SIGN_STYLE = Automatic;
				DEVELOPMENT_TEAM = Z7BMLJLG67;
				INFOPLIST_FILE = JadongMaeMae/Info.plist;
				LD_RUNPATH_SEARCH_PATHS = (
					"$(inherited)",
					"@executable_path/Frameworks",
				);
				PRODUCT_BUNDLE_IDENTIFIER = hansjin.JadongMaeMae;
				PRODUCT_NAME = "$(TARGET_NAME)";
				SWIFT_VERSION = 5.0;
				TARGETED_DEVICE_FAMILY = "1,2";
			};
			name = Release;
		};
/* End XCBuildConfiguration section */

/* Begin XCConfigurationList section */
		CE4A6A62257D2A32007A2C65 /* Build configuration list for PBXProject "JadongMaeMae" */ = {
			isa = XCConfigurationList;
			buildConfigurations = (
				CE4A6A79257D2A34007A2C65 /* Debug */,
				CE4A6A7A257D2A34007A2C65 /* Release */,
			);
			defaultConfigurationIsVisible = 0;
			defaultConfigurationName = Release;
		};
		CE4A6A7B257D2A34007A2C65 /* Build configuration list for PBXNativeTarget "JadongMaeMae" */ = {
			isa = XCConfigurationList;
			buildConfigurations = (
				CE4A6A7C257D2A34007A2C65 /* Debug */,
				CE4A6A7D257D2A34007A2C65 /* Release */,
			);
			defaultConfigurationIsVisible = 0;
			defaultConfigurationName = Release;
		};
/* End XCConfigurationList section */
	};
	rootObject = CE4A6A5F257D2A32007A2C65 /* Project object */;
}
